DEPENDENCIES
  wework-ami
    path: wework-ami
  wework-docker
    path: wework-docker
  wework-taisho
    path: .
    metadata: true

GRAPH
  apt (2.6.1)
  logrotate (1.8.0)
  wework-ami (0.0.1)
    apt (>= 0.0.0)
  wework-docker (0.0.2)
    apt (>= 0.0.0)
    logrotate (~> 1.8.0)
  wework-taisho (0.0.1)
